
Microsoft Visual Studio Solution File, Format Version 12.00
# Visual Studio Version 16
VisualStudioVersion = 16.0.29509.3
MinimumVisualStudioVersion = 10.0.40219.1
Project("{FAE04EC0-301F-11D3-BF4B-00C04F79EFBC}") = "lppa.equipo.4.Services", "lppa.equipo.4.Services\lppa.equipo.4.Services.csproj", "{933A40E7-3C84-464A-9F38-C6A6F23C734F}"
EndProject
Project("{FAE04EC0-301F-11D3-BF4B-00C04F79EFBC}") = "lppa.equipo.4.Data", "lppa.equipo.4.Data\lppa.equipo.4.Data.csproj", "{24A733E9-4AFA-4AF2-BEFA-26D6BAB0877C}"
EndProject
Project("{FAE04EC0-301F-11D3-BF4B-00C04F79EFBC}") = "lppa.equipo.4.Website", "lppa.equipo.4.Website\lppa.equipo.4.Website.csproj", "{E6E9BE1E-E7BC-404E-94E9-3C5B4D45126B}"
EndProject
Project("{FAE04EC0-301F-11D3-BF4B-00C04F79EFBC}") = "lppa.equipo.4.BE", "lppa.equipo.4.BE\lppa.equipo.4.BE.csproj", "{8ACCAFBB-EB9B-4AEE-9E32-E021EA0B7D25}"
EndProject
Project("{FAE04EC0-301F-11D3-BF4B-00C04F79EFBC}") = "lppa.equipo.4.BLL", "lppa.equipo.4.BLL\lppa.equipo.4.BLL.csproj", "{5A12FAAB-835C-4781-9F5E-F361ECDADA31}"
EndProject
Project("{FAE04EC0-301F-11D3-BF4B-00C04F79EFBC}") = "lppa.equipo.4.MPP", "lppa.equipo.4.MPP\lppa.equipo.4.MPP.csproj", "{352F2851-6942-4413-9147-4A1B874E7B9A}"
EndProject
Global
	GlobalSection(SolutionConfigurationPlatforms) = preSolution
		Debug|Any CPU = Debug|Any CPU
		Release|Any CPU = Release|Any CPU
	EndGlobalSection
	GlobalSection(ProjectConfigurationPlatforms) = postSolution
		{933A40E7-3C84-464A-9F38-C6A6F23C734F}.Debug|Any CPU.ActiveCfg = Debug|Any CPU
		{933A40E7-3C84-464A-9F38-C6A6F23C734F}.Debug|Any CPU.Build.0 = Debug|Any CPU
		{933A40E7-3C84-464A-9F38-C6A6F23C734F}.Release|Any CPU.ActiveCfg = Release|Any CPU
		{933A40E7-3C84-464A-9F38-C6A6F23C734F}.Release|Any CPU.Build.0 = Release|Any CPU
		{24A733E9-4AFA-4AF2-BEFA-26D6BAB0877C}.Debug|Any CPU.ActiveCfg = Debug|Any CPU
		{24A733E9-4AFA-4AF2-BEFA-26D6BAB0877C}.Debug|Any CPU.Build.0 = Debug|Any CPU
		{24A733E9-4AFA-4AF2-BEFA-26D6BAB0877C}.Release|Any CPU.ActiveCfg = Release|Any CPU
		{24A733E9-4AFA-4AF2-BEFA-26D6BAB0877C}.Release|Any CPU.Build.0 = Release|Any CPU
		{E6E9BE1E-E7BC-404E-94E9-3C5B4D45126B}.Debug|Any CPU.ActiveCfg = Debug|Any CPU
		{E6E9BE1E-E7BC-404E-94E9-3C5B4D45126B}.Debug|Any CPU.Build.0 = Debug|Any CPU
		{E6E9BE1E-E7BC-404E-94E9-3C5B4D45126B}.Release|Any CPU.ActiveCfg = Release|Any CPU
		{E6E9BE1E-E7BC-404E-94E9-3C5B4D45126B}.Release|Any CPU.Build.0 = Release|Any CPU
		{8ACCAFBB-EB9B-4AEE-9E32-E021EA0B7D25}.Debug|Any CPU.ActiveCfg = Debug|Any CPU
		{8ACCAFBB-EB9B-4AEE-9E32-E021EA0B7D25}.Debug|Any CPU.Build.0 = Debug|Any CPU
		{8ACCAFBB-EB9B-4AEE-9E32-E021EA0B7D25}.Release|Any CPU.ActiveCfg = Release|Any CPU
		{8ACCAFBB-EB9B-4AEE-9E32-E021EA0B7D25}.Release|Any CPU.Build.0 = Release|Any CPU
		{5A12FAAB-835C-4781-9F5E-F361ECDADA31}.Debug|Any CPU.ActiveCfg = Debug|Any CPU
		{5A12FAAB-835C-4781-9F5E-F361ECDADA31}.Debug|Any CPU.Build.0 = Debug|Any CPU
		{5A12FAAB-835C-4781-9F5E-F361ECDADA31}.Release|Any CPU.ActiveCfg = Release|Any CPU
		{5A12FAAB-835C-4781-9F5E-F361ECDADA31}.Release|Any CPU.Build.0 = Release|Any CPU
		{352F2851-6942-4413-9147-4A1B874E7B9A}.Debug|Any CPU.ActiveCfg = Debug|Any CPU
		{352F2851-6942-4413-9147-4A1B874E7B9A}.Debug|Any CPU.Build.0 = Debug|Any CPU
		{352F2851-6942-4413-9147-4A1B874E7B9A}.Release|Any CPU.ActiveCfg = Release|Any CPU
		{352F2851-6942-4413-9147-4A1B874E7B9A}.Release|Any CPU.Build.0 = Release|Any CPU
	EndGlobalSection
	GlobalSection(SolutionProperties) = preSolution
		HideSolutionNode = FALSE
	EndGlobalSection
	GlobalSection(ExtensibilityGlobals) = postSolution
		SolutionGuid = {7AF45B62-749F-47E9-AC31-86070F5987EF}
	EndGlobalSection
EndGlobal
